
Microsoft Visual Studio Solution File, Format Version 12.00
# Visual Studio Version 17
VisualStudioVersion = 17.14.36301.6 d17.14
MinimumVisualStudioVersion = 10.0.40219.1
Project("{FAE04EC0-301F-11D3-BF4B-00C04F79EFBC}") = "LinqD2", "LinqD2\LinqD2.csproj", "{8BAEBF19-71D0-4D1E-BFF2-98D83EF6774F}"
EndProject
Global
	GlobalSection(SolutionConfigurationPlatforms) = preSolution
		Debug|Any CPU = Debug|Any CPU
		Release|Any CPU = Release|Any CPU
	EndGlobalSection
	GlobalSection(ProjectConfigurationPlatforms) = postSolution
		{8BAEBF19-71D0-4D1E-BFF2-98D83EF6774F}.Debug|Any CPU.ActiveCfg = Debug|Any CPU
		{8BAEBF19-71D0-4D1E-BFF2-98D83EF6774F}.Debug|Any CPU.Build.0 = Debug|Any CPU
		{8BAEBF19-71D0-4D1E-BFF2-98D83EF6774F}.Release|Any CPU.ActiveCfg = Release|Any CPU
		{8BAEBF19-71D0-4D1E-BFF2-98D83EF6774F}.Release|Any CPU.Build.0 = Release|Any CPU
	EndGlobalSection
	GlobalSection(SolutionProperties) = preSolution
		HideSolutionNode = FALSE
	EndGlobalSection
	GlobalSection(ExtensibilityGlobals) = postSolution
		SolutionGuid = {9AEFA226-3F2B-45E5-AA53-D0D5EB941CB8}
	EndGlobalSection
EndGlobal
